# THIS IS AN AUTOGENERATED FILE. DO NOT EDIT THIS FILE DIRECTLY.
# yarn lockfile v1


single-spa@^5.9.3:
  version "5.9.3"
  resolved "https://registry.npmmirror.com/single-spa/-/single-spa-5.9.3.tgz#2d151cbb3b273629a5b27b30a3b8ca847dcba4c5"
  integrity sha512-qMGraRzIBsodV6569Fob4cQ4/yQNrcZ5Achh3SAQDljmqUtjAZ7BAA7GAyO/l5eizb7GtTmVq9Di7ORyKw82CQ==
